
Microsoft Visual Studio Solution File, Format Version 12.00
# Visual Studio Version 16
VisualStudioVersion = 16.0.31402.337
MinimumVisualStudioVersion = 10.0.40219.1
Project("{FAE04EC0-301F-11D3-BF4B-00C04F79EFBC}") = "ClassDemoMethod", "ClassDemoMethod\ClassDemoMethod.csproj", "{660B3A3C-DC5D-43F4-BEEF-1EB53DD7FFBE}"
EndProject
Global
	GlobalSection(SolutionConfigurationPlatforms) = preSolution
		Debug|Any CPU = Debug|Any CPU
		Release|Any CPU = Release|Any CPU
	EndGlobalSection
	GlobalSection(ProjectConfigurationPlatforms) = postSolution
		{660B3A3C-DC5D-43F4-BEEF-1EB53DD7FFBE}.Debug|Any CPU.ActiveCfg = Debug|Any CPU
		{660B3A3C-DC5D-43F4-BEEF-1EB53DD7FFBE}.Debug|Any CPU.Build.0 = Debug|Any CPU
		{660B3A3C-DC5D-43F4-BEEF-1EB53DD7FFBE}.Release|Any CPU.ActiveCfg = Release|Any CPU
		{660B3A3C-DC5D-43F4-BEEF-1EB53DD7FFBE}.Release|Any CPU.Build.0 = Release|Any CPU
	EndGlobalSection
	GlobalSection(SolutionProperties) = preSolution
		HideSolutionNode = FALSE
	EndGlobalSection
	GlobalSection(ExtensibilityGlobals) = postSolution
		SolutionGuid = {CDDB14A7-FE9A-4526-8C36-7ADFA180C14D}
	EndGlobalSection
EndGlobal
